
Microsoft Visual Studio Solution File, Format Version 12.00
# Visual Studio Version 17
VisualStudioVersion = 17.6.33829.357
MinimumVisualStudioVersion = 10.0.40219.1
Project("{FAE04EC0-301F-11D3-BF4B-00C04F79EFBC}") = "saju_project", "saju_project.csproj", "{F9136A5D-D6EE-492E-A768-A13F7C414FCA}"
EndProject
Global
	GlobalSection(SolutionConfigurationPlatforms) = preSolution
		Debug|Any CPU = Debug|Any CPU
		Release|Any CPU = Release|Any CPU
	EndGlobalSection
	GlobalSection(ProjectConfigurationPlatforms) = postSolution
		{F9136A5D-D6EE-492E-A768-A13F7C414FCA}.Debug|Any CPU.ActiveCfg = Debug|Any CPU
		{F9136A5D-D6EE-492E-A768-A13F7C414FCA}.Debug|Any CPU.Build.0 = Debug|Any CPU
		{F9136A5D-D6EE-492E-A768-A13F7C414FCA}.Release|Any CPU.ActiveCfg = Release|Any CPU
		{F9136A5D-D6EE-492E-A768-A13F7C414FCA}.Release|Any CPU.Build.0 = Release|Any CPU
	EndGlobalSection
	GlobalSection(SolutionProperties) = preSolution
		HideSolutionNode = FALSE
	EndGlobalSection
	GlobalSection(ExtensibilityGlobals) = postSolution
		SolutionGuid = {3BE9C3F7-8954-4B76-8265-64391B60E922}
	EndGlobalSection
EndGlobal
