
Microsoft Visual Studio Solution File, Format Version 12.00
# Visual Studio Version 17
VisualStudioVersion = 17.6.33829.357
MinimumVisualStudioVersion = 10.0.40219.1
Project("{FAE04EC0-301F-11D3-BF4B-00C04F79EFBC}") = "c샵과제1", "c샵과제1.csproj", "{512FC7D4-1C6B-489B-A6F5-8E30C7FC9040}"
EndProject
Global
	GlobalSection(SolutionConfigurationPlatforms) = preSolution
		Debug|Any CPU = Debug|Any CPU
		Release|Any CPU = Release|Any CPU
	EndGlobalSection
	GlobalSection(ProjectConfigurationPlatforms) = postSolution
		{512FC7D4-1C6B-489B-A6F5-8E30C7FC9040}.Debug|Any CPU.ActiveCfg = Debug|Any CPU
		{512FC7D4-1C6B-489B-A6F5-8E30C7FC9040}.Debug|Any CPU.Build.0 = Debug|Any CPU
		{512FC7D4-1C6B-489B-A6F5-8E30C7FC9040}.Release|Any CPU.ActiveCfg = Release|Any CPU
		{512FC7D4-1C6B-489B-A6F5-8E30C7FC9040}.Release|Any CPU.Build.0 = Release|Any CPU
	EndGlobalSection
	GlobalSection(SolutionProperties) = preSolution
		HideSolutionNode = FALSE
	EndGlobalSection
	GlobalSection(ExtensibilityGlobals) = postSolution
		SolutionGuid = {2FA05219-84DB-4C9A-AE3E-549497B43748}
	EndGlobalSection
EndGlobal
